
Microsoft Visual Studio Solution File, Format Version 12.00
# Visual Studio 2013
VisualStudioVersion = 12.0.21005.1
MinimumVisualStudioVersion = 10.0.40219.1
Project("{FAE04EC0-301F-11D3-BF4B-00C04F79EFBC}") = "01. SchoolProject", "SchoolProject\01. SchoolProject.csproj", "{65026795-9901-4CA8-AAB9-BE6E6490E731}"
EndProject
Project("{FAE04EC0-301F-11D3-BF4B-00C04F79EFBC}") = "02. HumanProject", "HumanProject\02. HumanProject.csproj", "{464C5765-57C3-42AA-8EEF-5B358B9D29AA}"
EndProject
Project("{FAE04EC0-301F-11D3-BF4B-00C04F79EFBC}") = "03. AnimalProject", "AnimalProject\03. AnimalProject.csproj", "{1B6ACA6F-430C-4F51-8938-26687155E75B}"
EndProject
Global
	GlobalSection(SolutionConfigurationPlatforms) = preSolution
		Debug|Any CPU = Debug|Any CPU
		Release|Any CPU = Release|Any CPU
	EndGlobalSection
	GlobalSection(ProjectConfigurationPlatforms) = postSolution
		{65026795-9901-4CA8-AAB9-BE6E6490E731}.Debug|Any CPU.ActiveCfg = Debug|Any CPU
		{65026795-9901-4CA8-AAB9-BE6E6490E731}.Debug|Any CPU.Build.0 = Debug|Any CPU
		{65026795-9901-4CA8-AAB9-BE6E6490E731}.Release|Any CPU.ActiveCfg = Release|Any CPU
		{65026795-9901-4CA8-AAB9-BE6E6490E731}.Release|Any CPU.Build.0 = Release|Any CPU
		{464C5765-57C3-42AA-8EEF-5B358B9D29AA}.Debug|Any CPU.ActiveCfg = Debug|Any CPU
		{464C5765-57C3-42AA-8EEF-5B358B9D29AA}.Debug|Any CPU.Build.0 = Debug|Any CPU
		{464C5765-57C3-42AA-8EEF-5B358B9D29AA}.Release|Any CPU.ActiveCfg = Release|Any CPU
		{464C5765-57C3-42AA-8EEF-5B358B9D29AA}.Release|Any CPU.Build.0 = Release|Any CPU
		{1B6ACA6F-430C-4F51-8938-26687155E75B}.Debug|Any CPU.ActiveCfg = Debug|Any CPU
		{1B6ACA6F-430C-4F51-8938-26687155E75B}.Debug|Any CPU.Build.0 = Debug|Any CPU
		{1B6ACA6F-430C-4F51-8938-26687155E75B}.Release|Any CPU.ActiveCfg = Release|Any CPU
		{1B6ACA6F-430C-4F51-8938-26687155E75B}.Release|Any CPU.Build.0 = Release|Any CPU
	EndGlobalSection
	GlobalSection(SolutionProperties) = preSolution
		HideSolutionNode = FALSE
	EndGlobalSection
EndGlobal
